// !$*UTF8*$!
{
	archiveVersion = 1;
	classes = {
	};
	objectVersion = 46;
	objects = {

/* Begin PBXBuildFile section */
		B5368AAD1A301996009A874B /* AppDelegate.swift in Sources */ = {isa = PBXBuildFile; fileRef = B5368AAC1A301996009A874B /* AppDelegate.swift */; };
		B5368AAF1A301996009A874B /* ViewController.swift in Sources */ = {isa = PBXBuildFile; fileRef = B5368AAE1A301996009A874B /* ViewController.swift */; };
		B5368AB21A301996009A874B /* Main.storyboard in Resources */ = {isa = PBXBuildFile; fileRef = B5368AB01A301996009A874B /* Main.storyboard */; };
		B5368AB41A301996009A874B /* Images.xcassets in Resources */ = {isa = PBXBuildFile; fileRef = B5368AB31A301996009A874B /* Images.xcassets */; };
		B5368AB71A301996009A874B /* LaunchScreen.xib in Resources */ = {isa = PBXBuildFile; fileRef = B5368AB51A301996009A874B /* LaunchScreen.xib */; };
		B5368AC31A301996009A874B /* Memorable_placesTests.swift in Sources */ = {isa = PBXBuildFile; fileRef = B5368AC21A301996009A874B /* Memorable_placesTests.swift */; };
		B5368ACD1A30241B009A874B /* CoreLocation.framework in Frameworks */ = {isa = PBXBuildFile; fileRef = B5368ACC1A30241B009A874B /* CoreLocation.framework */; };
		B5368ACF1A302425009A874B /* MapKit.framework in Frameworks */ = {isa = PBXBuildFile; fileRef = B5368ACE1A302425009A874B /* MapKit.framework */; };
		B5368AD11A302B0F009A874B /* TableViewController.swift in Sources */ = {isa = PBXBuildFile; fileRef = B5368AD01A302B0F009A874B /* TableViewController.swift */; };
/* End PBXBuildFile section */

/* Begin PBXContainerItemProxy section */
		B5368ABD1A301996009A874B /* PBXContainerItemProxy */ = {
			isa = PBXContainerItemProxy;
			containerPortal = B5368A9F1A301996009A874B /* Project object */;
			proxyType = 1;
			remoteGlobalIDString = B5368AA61A301996009A874B;
			remoteInfo = "Memorable places";
		};
/* End PBXContainerItemProxy section */

/* Begin PBXFileReference section */
		B5368AA71A301996009A874B /* Memorable places.app */ = {isa = PBXFileReference; explicitFileType = wrapper.application; includeInIndex = 0; path = "Memorable places.app"; sourceTree = BUILT_PRODUCTS_DIR; };
		B5368AAB1A301996009A874B /* Info.plist */ = {isa = PBXFileReference; lastKnownFileType = text.plist.xml; path = Info.plist; sourceTree = "<group>"; };
		B5368AAC1A301996009A874B /* AppDelegate.swift */ = {isa = PBXFileReference; lastKnownFileType = sourcecode.swift; path = AppDelegate.swift; sourceTree = "<group>"; };
		B5368AAE1A301996009A874B /* ViewController.swift */ = {isa = PBXFileReference; lastKnownFileType = sourcecode.swift; path = ViewController.swift; sourceTree = "<group>"; };
		B5368AB11A301996009A874B /* Base */ = {isa = PBXFileReference; lastKnownFileType = file.storyboard; name = Base; path = Base.lproj/Main.storyboard; sourceTree = "<group>"; };
		B5368AB31A301996009A874B /* Images.xcassets */ = {isa = PBXFileReference; lastKnownFileType = folder.assetcatalog; path = Images.xcassets; sourceTree = "<group>"; };
		B5368AB61A301996009A874B /* Base */ = {isa = PBXFileReference; lastKnownFileType = file.xib; name = Base; path = Base.lproj/LaunchScreen.xib; sourceTree = "<group>"; };
		B5368ABC1A301996009A874B /* Memorable placesTests.xctest */ = {isa = PBXFileReference; explicitFileType = wrapper.cfbundle; includeInIndex = 0; path = "Memorable placesTests.xctest"; sourceTree = BUILT_PRODUCTS_DIR; };
		B5368AC11A301996009A874B /* Info.plist */ = {isa = PBXFileReference; lastKnownFileType = text.plist.xml; path = Info.plist; sourceTree = "<group>"; };
		B5368AC21A301996009A874B /* Memorable_placesTests.swift */ = {isa = PBXFileReference; lastKnownFileType = sourcecode.swift; path = Memorable_placesTests.swift; sourceTree = "<group>"; };
		B5368ACC1A30241B009A874B /* CoreLocation.framework */ = {isa = PBXFileReference; lastKnownFileType = wrapper.framework; name = CoreLocation.framework; path = System/Library/Frameworks/CoreLocation.framework; sourceTree = SDKROOT; };
		B5368ACE1A302425009A874B /* MapKit.framework */ = {isa = PBXFileReference; lastKnownFileType = wrapper.framework; name = MapKit.framework; path = System/Library/Frameworks/MapKit.framework; sourceTree = SDKROOT; };
		B5368AD01A302B0F009A874B /* TableViewController.swift */ = {isa = PBXFileReference; fileEncoding = 4; lastKnownFileType = sourcecode.swift; path = TableViewController.swift; sourceTree = "<group>"; };
/* End PBXFileReference section */

/* Begin PBXFrameworksBuildPhase section */
		B5368AA41A301996009A874B /* Frameworks */ = {
			isa = PBXFrameworksBuildPhase;
			buildActionMask = 2147483647;
			files = (
				B5368ACF1A302425009A874B /* MapKit.framework in Frameworks */,
				B5368ACD1A30241B009A874B /* CoreLocation.framework in Frameworks */,
			);
			runOnlyForDeploymentPostprocessing = 0;
		};
		B5368AB91A301996009A874B /* Frameworks */ = {
			isa = PBXFrameworksBuildPhase;
			buildActionMask = 2147483647;
			files = (
			);
			runOnlyForDeploymentPostprocessing = 0;
		};
/* End PBXFrameworksBuildPhase section */

/* Begin PBXGroup section */
		B5368A9E1A301996009A874B = {
			isa = PBXGroup;
			children = (
				B5368ACE1A302425009A874B /* MapKit.framework */,
				B5368ACC1A30241B009A874B /* CoreLocation.framework */,
				B5368AA91A301996009A874B /* Memorable places */,
				B5368ABF1A301996009A874B /* Memorable placesTests */,
				B5368AA81A301996009A874B /* Products */,
			);
			sourceTree = "<group>";
		};
		B5368AA81A301996009A874B /* Products */ = {
			isa = PBXGroup;
			children = (
				B5368AA71A301996009A874B /* Memorable places.app */,
				B5368ABC1A301996009A874B /* Memorable placesTests.xctest */,
			);
			name = Products;
			sourceTree = "<group>";
		};
		B5368AA91A301996009A874B /* Memorable places */ = {
			isa = PBXGroup;
			children = (
				B5368AAC1A301996009A874B /* AppDelegate.swift */,
				B5368AAE1A301996009A874B /* ViewController.swift */,
				B5368AB01A301996009A874B /* Main.storyboard */,
				B5368AD01A302B0F009A874B /* TableViewController.swift */,
				B5368AB31A301996009A874B /* Images.xcassets */,
				B5368AB51A301996009A874B /* LaunchScreen.xib */,
				B5368AAA1A301996009A874B /* Supporting Files */,
			);
			path = "Memorable places";
			sourceTree = "<group>";
		};
		B5368AAA1A301996009A874B /* Supporting Files */ = {
			isa = PBXGroup;
			children = (
				B5368AAB1A301996009A874B /* Info.plist */,
			);
			name = "Supporting Files";
			sourceTree = "<group>";
		};
		B5368ABF1A301996009A874B /* Memorable placesTests */ = {
			isa = PBXGroup;
			children = (
				B5368AC21A301996009A874B /* Memorable_placesTests.swift */,
				B5368AC01A301996009A874B /* Supporting Files */,
			);
			path = "Memorable placesTests";
			sourceTree = "<group>";
		};
		B5368AC01A301996009A874B /* Supporting Files */ = {
			isa = PBXGroup;
			children = (
				B5368AC11A301996009A874B /* Info.plist */,
			);
			name = "Supporting Files";
			sourceTree = "<group>";
		};
/* End PBXGroup section */

/* Begin PBXNativeTarget section */
		B5368AA61A301996009A874B /* Memorable places */ = {
			isa = PBXNativeTarget;
			buildConfigurationList = B5368AC61A301996009A874B /* Build configuration list for PBXNativeTarget "Memorable places" */;
			buildPhases = (
				B5368AA31A301996009A874B /* Sources */,
				B5368AA41A301996009A874B /* Frameworks */,
				B5368AA51A301996009A874B /* Resources */,
			);
			buildRules = (
			);
			dependencies = (
			);
			name = "Memorable places";
			productName = "Memorable places";
			productReference = B5368AA71A301996009A874B /* Memorable places.app */;
			productType = "com.apple.product-type.application";
		};
		B5368ABB1A301996009A874B /* Memorable placesTests */ = {
			isa = PBXNativeTarget;
			buildConfigurationList = B5368AC91A301996009A874B /* Build configuration list for PBXNativeTarget "Memorable placesTests" */;
			buildPhases = (
				B5368AB81A301996009A874B /* Sources */,
				B5368AB91A301996009A874B /* Frameworks */,
				B5368ABA1A301996009A874B /* Resources */,
			);
			buildRules = (
			);
			dependencies = (
				B5368ABE1A301996009A874B /* PBXTargetDependency */,
			);
			name = "Memorable placesTests";
			productName = "Memorable placesTests";
			productReference = B5368ABC1A301996009A874B /* Memorable placesTests.xctest */;
			productType = "com.apple.product-type.bundle.unit-test";
		};
/* End PBXNativeTarget section */

/* Begin PBXProject section */
		B5368A9F1A301996009A874B /* Project object */ = {
			isa = PBXProject;
			attributes = {
				LastUpgradeCheck = 0610;
				ORGANIZATIONNAME = "Ben Chamla";
				TargetAttributes = {
					B5368AA61A301996009A874B = {
						CreatedOnToolsVersion = 6.1;
					};
					B5368ABB1A301996009A874B = {
						CreatedOnToolsVersion = 6.1;
						TestTargetID = B5368AA61A301996009A874B;
					};
				};
			};
			buildConfigurationList = B5368AA21A301996009A874B /* Build configuration list for PBXProject "Memorable places" */;
			compatibilityVersion = "Xcode 3.2";
			developmentRegion = English;
			hasScannedForEncodings = 0;
			knownRegions = (
				en,
				Base,
			);
			mainGroup = B5368A9E1A301996009A874B;
			productRefGroup = B5368AA81A301996009A874B /* Products */;
			projectDirPath = "";
			projectRoot = "";
			targets = (
				B5368AA61A301996009A874B /* Memorable places */,
				B5368ABB1A301996009A874B /* Memorable placesTests */,
			);
		};
/* End PBXProject section */

/* Begin PBXResourcesBuildPhase section */
		B5368AA51A301996009A874B /* Resources */ = {
			isa = PBXResourcesBuildPhase;
			buildActionMask = 2147483647;
			files = (
				B5368AB21A301996009A874B /* Main.storyboard in Resources */,
				B5368AB71A301996009A874B /* LaunchScreen.xib in Resources */,
				B5368AB41A301996009A874B /* Images.xcassets in Resources */,
			);
			runOnlyForDeploymentPostprocessing = 0;
		};
		B5368ABA1A301996009A874B /* Resources */ = {
			isa = PBXResourcesBuildPhase;
			buildActionMask = 2147483647;
			files = (
			);
			runOnlyForDeploymentPostprocessing = 0;
		};
/* End PBXResourcesBuildPhase section */

/* Begin PBXSourcesBuildPhase section */
		B5368AA31A301996009A874B /* Sources */ = {
			isa = PBXSourcesBuildPhase;
			buildActionMask = 2147483647;
			files = (
				B5368AAF1A301996009A874B /* ViewController.swift in Sources */,
				B5368AD11A302B0F009A874B /* TableViewController.swift in Sources */,
				B5368AAD1A301996009A874B /* AppDelegate.swift in Sources */,
			);
			runOnlyForDeploymentPostprocessing = 0;
		};
		B5368AB81A301996009A874B /* Sources */ = {
			isa = PBXSourcesBuildPhase;
			buildActionMask = 2147483647;
			files = (
				B5368AC31A301996009A874B /* Memorable_placesTests.swift in Sources */,
			);
			runOnlyForDeploymentPostprocessing = 0;
		};
/* End PBXSourcesBuildPhase section */

/* Begin PBXTargetDependency section */
		B5368ABE1A301996009A874B /* PBXTargetDependency */ = {
			isa = PBXTargetDependency;
			target = B5368AA61A301996009A874B /* Memorable places */;
			targetProxy = B5368ABD1A301996009A874B /* PBXContainerItemProxy */;
		};
/* End PBXTargetDependency section */

/* Begin PBXVariantGroup section */
		B5368AB01A301996009A874B /* Main.storyboard */ = {
			isa = PBXVariantGroup;
			children = (
				B5368AB11A301996009A874B /* Base */,
			);
			name = Main.storyboard;
			sourceTree = "<group>";
		};
		B5368AB51A301996009A874B /* LaunchScreen.xib */ = {
			isa = PBXVariantGroup;
			children = (
				B5368AB61A301996009A874B /* Base */,
			);
			name = LaunchScreen.xib;
			sourceTree = "<group>";
		};
/* End PBXVariantGroup section */

/* Begin XCBuildConfiguration section */
		B5368AC41A301996009A874B /* Debug */ = {
			isa = XCBuildConfiguration;
			buildSettings = {
				ALWAYS_SEARCH_USER_PATHS = NO;
				CLANG_CXX_LANGUAGE_STANDARD = "gnu++0x";
				CLANG_CXX_LIBRARY = "libc++";
				CLANG_ENABLE_MODULES = YES;
				CLANG_ENABLE_OBJC_ARC = YES;
				CLANG_WARN_BOOL_CONVERSION = YES;
				CLANG_WARN_CONSTANT_CONVERSION = YES;
				CLANG_WARN_DIRECT_OBJC_ISA_USAGE = YES_ERROR;
				CLANG_WARN_EMPTY_BODY = YES;
				CLANG_WARN_ENUM_CONVERSION = YES;
				CLANG_WARN_INT_CONVERSION = YES;
				CLANG_WARN_OBJC_ROOT_CLASS = YES_ERROR;
				CLANG_WARN_UNREACHABLE_CODE = YES;
				CLANG_WARN__DUPLICATE_METHOD_MATCH = YES;
				"CODE_SIGN_IDENTITY[sdk=iphoneos*]" = "iPhone Developer";
				COPY_PHASE_STRIP = NO;
				ENABLE_STRICT_OBJC_MSGSEND = YES;
				GCC_C_LANGUAGE_STANDARD = gnu99;
				GCC_DYNAMIC_NO_PIC = NO;
				GCC_OPTIMIZATION_LEVEL = 0;
				GCC_PREPROCESSOR_DEFINITIONS = (
					"DEBUG=1",
					"$(inherited)",
				);
				GCC_SYMBOLS_PRIVATE_EXTERN = NO;
				GCC_WARN_64_TO_32_BIT_CONVERSION = YES;
				GCC_WARN_ABOUT_RETURN_TYPE = YES_ERROR;
				GCC_WARN_UNDECLARED_SELECTOR = YES;
				GCC_WARN_UNINITIALIZED_AUTOS = YES_AGGRESSIVE;
				GCC_WARN_UNUSED_FUNCTION = YES;
				GCC_WARN_UNUSED_VARIABLE = YES;
				IPHONEOS_DEPLOYMENT_TARGET = 8.1;
				MTL_ENABLE_DEBUG_INFO = YES;
				ONLY_ACTIVE_ARCH = YES;
				SDKROOT = iphoneos;
				SWIFT_OPTIMIZATION_LEVEL = "-Onone";
			};
			name = Debug;
		};
		B5368AC51A301996009A874B /* Release */ = {
			isa = XCBuildConfiguration;
			buildSettings = {
				ALWAYS_SEARCH_USER_PATHS = NO;
				CLANG_CXX_LANGUAGE_STANDARD = "gnu++0x";
				CLANG_CXX_LIBRARY = "libc++";
				CLANG_ENABLE_MODULES = YES;
				CLANG_ENABLE_OBJC_ARC = YES;
				CLANG_WARN_BOOL_CONVERSION = YES;
				CLANG_WARN_CONSTANT_CONVERSION = YES;
				CLANG_WARN_DIRECT_OBJC_ISA_USAGE = YES_ERROR;
				CLANG_WARN_EMPTY_BODY = YES;
				CLANG_WARN_ENUM_CONVERSION = YES;
				CLANG_WARN_INT_CONVERSION = YES;
				CLANG_WARN_OBJC_ROOT_CLASS = YES_ERROR;
				CLANG_WARN_UNREACHABLE_CODE = YES;
				CLANG_WARN__DUPLICATE_METHOD_MATCH = YES;
				"CODE_SIGN_IDENTITY[sdk=iphoneos*]" = "iPhone Developer";
				COPY_PHASE_STRIP = YES;
				ENABLE_NS_ASSERTIONS = NO;
				ENABLE_STRICT_OBJC_MSGSEND = YES;
				GCC_C_LANGUAGE_STANDARD = gnu99;
				GCC_WARN_64_TO_32_BIT_CONVERSION = YES;
				GCC_WARN_ABOUT_RETURN_TYPE = YES_ERROR;
				GCC_WARN_UNDECLARED_SELECTOR = YES;
				GCC_WARN_UNINITIALIZED_AUTOS = YES_AGGRESSIVE;
				GCC_WARN_UNUSED_FUNCTION = YES;
				GCC_WARN_UNUSED_VARIABLE = YES;
				IPHONEOS_DEPLOYMENT_TARGET = 8.1;
				MTL_ENABLE_DEBUG_INFO = NO;
				SDKROOT = iphoneos;
				VALIDATE_PRODUCT = YES;
			};
			name = Release;
		};
		B5368AC71A301996009A874B /* Debug */ = {
			isa = XCBuildConfiguration;
			buildSettings = {
				ASSETCATALOG_COMPILER_APPICON_NAME = AppIcon;
				INFOPLIST_FILE = "Memorable places/Info.plist";
				LD_RUNPATH_SEARCH_PATHS = "$(inherited) @executable_path/Frameworks";
				PRODUCT_NAME = "$(TARGET_NAME)";
			};
			name = Debug;
		};
		B5368AC81A301996009A874B /* Release */ = {
			isa = XCBuildConfiguration;
			buildSettings = {
				ASSETCATALOG_COMPILER_APPICON_NAME = AppIcon;
				INFOPLIST_FILE = "Memorable places/Info.plist";
				LD_RUNPATH_SEARCH_PATHS = "$(inherited) @executable_path/Frameworks";
				PRODUCT_NAME = "$(TARGET_NAME)";
			};
			name = Release;
		};
		B5368ACA1A301996009A874B /* Debug */ = {
			isa = XCBuildConfiguration;
			buildSettings = {
				BUNDLE_LOADER = "$(TEST_HOST)";
				FRAMEWORK_SEARCH_PATHS = (
					"$(SDKROOT)/Developer/Library/Frameworks",
					"$(inherited)",
				);
				GCC_PREPROCESSOR_DEFINITIONS = (
					"DEBUG=1",
					"$(inherited)",
				);
				INFOPLIST_FILE = "Memorable placesTests/Info.plist";
				LD_RUNPATH_SEARCH_PATHS = "$(inherited) @executable_path/Frameworks @loader_path/Frameworks";
				PRODUCT_NAME = "$(TARGET_NAME)";
				TEST_HOST = "$(BUILT_PRODUCTS_DIR)/Memorable places.app/Memorable places";
			};
			name = Debug;
		};
		B5368ACB1A301996009A874B /* Release */ = {
			isa = XCBuildConfiguration;
			buildSettings = {
				BUNDLE_LOADER = "$(TEST_HOST)";
				FRAMEWORK_SEARCH_PATHS = (
					"$(SDKROOT)/Developer/Library/Frameworks",
					"$(inherited)",
				);
				INFOPLIST_FILE = "Memorable placesTests/Info.plist";
				LD_RUNPATH_SEARCH_PATHS = "$(inherited) @executable_path/Frameworks @loader_path/Frameworks";
				PRODUCT_NAME = "$(TARGET_NAME)";
				TEST_HOST = "$(BUILT_PRODUCTS_DIR)/Memorable places.app/Memorable places";
			};
			name = Release;
		};
/* End XCBuildConfiguration section */

/* Begin XCConfigurationList section */
		B5368AA21A301996009A874B /* Build configuration list for PBXProject "Memorable places" */ = {
			isa = XCConfigurationList;
			buildConfigurations = (
				B5368AC41A301996009A874B /* Debug */,
				B5368AC51A301996009A874B /* Release */,
			);
			defaultConfigurationIsVisible = 0;
			defaultConfigurationName = Release;
		};
		B5368AC61A301996009A874B /* Build configuration list for PBXNativeTarget "Memorable places" */ = {
			isa = XCConfigurationList;
			buildConfigurations = (
				B5368AC71A301996009A874B /* Debug */,
				B5368AC81A301996009A874B /* Release */,
			);
			defaultConfigurationIsVisible = 0;
		};
		B5368AC91A301996009A874B /* Build configuration list for PBXNativeTarget "Memorable placesTests" */ = {
			isa = XCConfigurationList;
			buildConfigurations = (
				B5368ACA1A301996009A874B /* Debug */,
				B5368ACB1A301996009A874B /* Release */,
			);
			defaultConfigurationIsVisible = 0;
		};
/* End XCConfigurationList section */
	};
	rootObject = B5368A9F1A301996009A874B /* Project object */;
}
